github.com/aws/aws-sdk-go-v2 v1.34.0 h1:9iyL+cjifckRGEVpRKZP3eIxVlL06Qk1Tk13vreaVQU=
github.com/aws/aws-sdk-go-v2 v1.34.0/go.mod h1:JgstGg0JjWU1KpVJjD5H0y0yyAIpSdKEq556EI6yOOM=
github.com/aws/aws-sdk-go-v2/config v1.29.2 h1:JuIxOEPcSKpMB0J+khMjznG9LIhIBdmqNiEcPclnwqc=
github.com/aws/aws-sdk-go-v2/config v1.29.2/go.mod h1:HktTHregOZwNSM/e7WTfVSu9RCX+3eOv+6ij27PtaYs=
github.com/aws/aws-sdk-go-v2/credentials v1.17.55 h1:CDhKnDEaGkLA5ZszV/qw5uwN5M8rbv9Cl0JRN+PRsaM=
github.com/aws/aws-sdk-go-v2/credentials v1.17.55/go.mod h1:kPD/vj+RB5MREDUky376+zdnjZpR+WgdBBvwrmnlmKE=
github.com/aws/aws-sdk-go-v2/feature/ec2/imds v1.16.25 h1:kU7tmXNaJ07LsyN3BUgGqAmVmQtq0w6duVIHAKfp0/w=
github.com/aws/aws-sdk-go-v2/feature/ec2/imds v1.16.25/go.mod h1:OiC8+OiqrURb1wrwmr/UbOVLFSWEGxjinj5C299VQdo=
github.com/aws/aws-sdk-go-v2/internal/configsources v1.3.29 h1:Ej0Rf3GMv50Qh4G4852j2djtoDb7AzQ7MuQeFHa3D70=
github.com/aws/aws-sdk-go-v2/internal/configsources v1.3.29/go.mod h1:oeNTC7PwJNoM5AznVr23wxhLnuJv0ZDe5v7w0wqIs9M=
github.com/aws/aws-sdk-go-v2/internal/endpoints/v2 v2.6.29 h1:6e8a71X+9GfghragVevC5bZqvATtc3mAMgxpSNbgzF0=
github.com/aws/aws-sdk-go-v2/internal/endpoints/v2 v2.6.29/go.mod h1:c4jkZiQ+BWpNqq7VtrxjwISrLrt/VvPq3XiopkUIolI=
github.com/aws/aws-sdk-go-v2/internal/ini v1.8.2 h1:Pg9URiobXy85kgFev3og2CuOZ8JZUBENF+dcgWBaYNk=
github.com/aws/aws-sdk-go-v2/internal/ini v1.8.2/go.mod h1:FbtygfRFze9usAadmnGJNc8KsP346kEe+y2/oyhGAGc=
github.com/aws/aws-sdk-go-v2/service/acm v1.30.14 h1:00t0UlApxv88+4j3OI/ozirApgdp6sDOMWNhm7IejPg=
github.com/aws/aws-sdk-go-v2/service/acm v1.30.14/go.mod h1:wpZZQcNDMXDvcVGLVx5b0v4sD4NutcVTHnxDopsPixM=
github.com/aws/aws-sdk-go-v2/service/internal/accept-encoding v1.12.2 h1:D4oz8/CzT9bAEYtVhSBmFj2dNOtaHOtMKc2vHBwYizA=
github.com/aws/aws-sdk-go-v2/service/internal/accept-encoding v1.12.2/go.mod h1:Za3IHqTQ+yNcRHxu1OFucBh0ACZT4j4VQFF0BqpZcLY=
github.com/aws/aws-sdk-go-v2/service/internal/presigned-url v1.12.10 h1:hN4yJBGswmFTOVYqmbz1GBs9ZMtQe8SrYxPwrkrlRv8=
github.com/aws/aws-sdk-go-v2/service/internal/presigned-url v1.12.10/go.mod h1:TsxON4fEZXyrKY+D+3d2gSTyJkGORexIYab9PTf56DA=
github.com/aws/aws-sdk-go-v2/service/secretsmanager v1.34.14 h1:rhT0h8cSV5ZNZWy67Eqe3OQTFGRu9xwgyFsuGeIXmGQ=
github.com/aws/aws-sdk-go-v2/service/secretsmanager v1.34.14/go.mod h1:CLEjbx0xH3ptihCb1l0XlrqoGfWD9xU0na47/s7fR/s=
github.com/aws/aws-sdk-go-v2/service/sso v1.24.12 h1:kznaW4f81mNMlREkU9w3jUuJvU5g/KsqDV43ab7Rp6s=
github.com/aws/aws-sdk-go-v2/service/sso v1.24.12/go.mod h1:bZy9r8e0/s0P7BSDHgMLXK2KvdyRRBIQ2blKlvLt0IU=
github.com/aws/aws-sdk-go-v2/service/ssooidc v1.28.11 h1:mUwIpAvILeKFnRx4h1dEgGEFGuV8KJ3pEScZWVFYuZA=
github.com/aws/aws-sdk-go-v2/service/ssooidc v1.28.11/go.mod h1:JDJtD+b8HNVv71axz8+S5492KM8wTzHRFpMKQbPlYxw=
github.com/aws/aws-sdk-go-v2/service/sts v1.33.10 h1:g9d+TOsu3ac7SgmY2dUf1qMgu/uJVTlQ4VCbH6hRxSw=
github.com/aws/aws-sdk-go-v2/service/sts v1.33.10/go.mod h1:WZfNmntu92HO44MVZAubQaz3qCuIdeOdog2sADfU6hU=
github.com/aws/smithy-go v1.22.2 h1:6D9hW43xKFrRx/tXXfAlIZc4JI+yQe6snnWcQyxSyLQ=
github.com/aws/smithy-go v1.22.2/go.mod h1:irrKGvNn1InZwb2d7fkIRNucdfwR8R+Ts3wxYa/cJHg=
github.com/davecgh/go-spew v1.1.0/go.mod h1:J7Y8YcW2NihsgmVo/mv3lAwl/skON4iLHjSsI+c5H38=
github.com/davecgh/go-spew v1.1.1 h1:vj9j/u1bqnvCEfJOwUhtlOARqs3+rkHYY13jYWTU97c=
github.com/davecgh/go-spew v1.1.1/go.mod h1:J7Y8YcW2NihsgmVo/mv3lAwl/skON4iLHjSsI+c5H38=
github.com/google/uuid v1.6.0 h1:NIvaJDMOsjHA8n1jAhLSgzrAzy1Hgr+hNrb57e+94F0=
github.com/google/uuid v1.6.0/go.mod h1:TIyPZe4MgqvfeYDBFedMoGGpEw/LqOeaOT+nhxU+yHo=
github.com/jmespath/go-jmespath v0.4.0 h1:BEgLn5cpjn8UN1mAw4NjwDrS35OdebyEtFe+9YPoQUg=
github.com/jmespath/go-jmespath v0.4.0/go.mod h1:T8mJZnbsbmF+m6zOOFylbeCJqk5+pHWvzYPziyZiYoo=
github.com/jmespath/go-jmespath/internal/testify v1.5.1 h1:shLQSRRSCCPj3f2gpwzGwWFoC7ycTf1rcQZHOlsJ6N8=
github.com/jmespath/go-jmespath/internal/testify v1.5.1/go.mod h1:L3OGu8Wl2/fWfCI6z80xFu9LTZmf1ZRjMHUOPmWr69U=
github.com/joho/godotenv v1.5.1 h1:7eLL/+HRGLY0ldzfGMeQkb7vMd0as4CfYvUVzLqw0N0=
github.com/joho/godotenv v1.5.1/go.mod h1:f4LDr5Voq0i2e/R5DDNOoa2zzDfwtkZa6DnEwAbqwq4=
github.com/pkg/errors v0.9.1 h1:FEBLx1zS214owpjy7qsBeixbURkuhQAwrK5UwLGTwt4=
github.com/pkg/errors v0.9.1/go.mod h1:bwawxfHBFNV+L2hUp1rHADufV3IMtnDRdf1r5NINEl0=
github.com/pmezard/go-difflib v1.0.0 h1:4DBwDE0NGyQoBHbLQYPwSUPoCMWR5BEzIk/f1lZbAQM=
github.com/pmezard/go-difflib v1.0.0/go.mod h1:iKH77koFhYxTK1pcRnkKkqfTogsbg7gZNVY4sRDYZ/4=
github.com/stretchr/objx v0.1.0/go.mod h1:HFkY916IF+rwdDfMAkV7OtwuqBVzrE8GR6GFx+wExME=
github.com/stretchr/testify v1.10.0 h1:Xv5erBjTwe/5IxqUQTdXv5kgmIvbHo3QQyRwhJsOfJA=
github.com/stretchr/testify v1.10.0/go.mod h1:r2ic/lqez/lEtzL7wO/rwa5dbSLXVDPFyf8C91i36aY=
github.com/tidwall/gjson v1.14.2/go.mod h1:/wbyibRr2FHMks5tjHJ5F8dMZh3AcwJEMf5vlfC0lxk=
github.com/tidwall/gjson v1.18.0 h1:FIDeeyB800efLX89e5a8Y0BNH+LOngJyGrIWxG2FKQY=
github.com/tidwall/gjson v1.18.0/go.mod h1:/wbyibRr2FHMks5tjHJ5F8dMZh3AcwJEMf5vlfC0lxk=
github.com/tidwall/match v1.1.1 h1:+Ho715JplO36QYgwN9PGYNhgZvoUSc9X2c80KVTi+GA=
github.com/tidwall/match v1.1.1/go.mod h1:eRSPERbgtNPcGhD8UCthc6PmLEQXEWd3PRB5JTxsfmM=
github.com/tidwall/pretty v1.2.0/go.mod h1:ITEVvHYasfjBbM0u2Pg8T2nJnzm8xPwvNhhsoaGGjNU=
github.com/tidwall/pretty v1.2.1 h1:qjsOFOWWQl+N3RsoF5/ssm1pHmJJwhjlSbZ51I6wMl4=
github.com/tidwall/pretty v1.2.1/go.mod h1:ITEVvHYasfjBbM0u2Pg8T2nJnzm8xPwvNhhsoaGGjNU=
github.com/tidwall/sjson v1.2.5 h1:kLy8mja+1c9jlljvWTlSazM7cKDRfJuR/bOJhcY5NcY=
github.com/tidwall/sjson v1.2.5/go.mod h1:Fvgq9kS/6ociJEDnK0Fk1cpYF4FIW6ZF7LAe+6jwd28=
go.elastic.co/ecszap v1.0.3 h1:RQtagS3uSftE8mPZ3msqb6mVI67jgcDuy1PUqiMv8ow=
go.elastic.co/ecszap v1.0.3/go.mod h1:fM1RLWDU25TB/L48RUJgz5Le2AnoCeY/g0zf2op8gDU=
go.elastic.co/fastjson v1.4.0 h1:a4BXUKXZHAzjVOPrqtEx2FDsIRBCMek01vCnrtyutWs=
go.elastic.co/fastjson v1.4.0/go.mod h1:ZD5um63l0/8TIdddZbL2znD83FAr2IckYa3KR7VcdNA=
go.uber.org/goleak v1.3.0 h1:2K3zAYmnTNqV73imy9J1T3WC+gmCePx2hEGkimedGto=
go.uber.org/goleak v1.3.0/go.mod h1:CoHD4mav9JJNrW/WLlf7HGZPjdw8EucARQHekz1X6bE=
go.uber.org/multierr v1.10.0 h1:S0h4aNzvfcFsC3dRF1jLoaov7oRaKqRGC/pUEJ2yvPQ=
go.uber.org/multierr v1.10.0/go.mod h1:20+QtiLqy0Nd6FdQB9TLXag12DsQkrbs3htMFfDN80Y=
go.uber.org/zap v1.27.0 h1:aJMhYGrd5QSmlpLMr2MftRKl7t8J8PTZPA732ud/XR8=
go.uber.org/zap v1.27.0/go.mod h1:GB2qFLM7cTU87MWRP2mPIjqfIDnGu+VIO4V/SdhGo2E=
gopkg.in/check.v1 v0.0.0-20161208181325-20d25e280405 h1:yhCVgyC4o1eVCa2tZl7eS0r+SDo693bJlVdllGtEeKM=
gopkg.in/check.v1 v0.0.0-20161208181325-20d25e280405/go.mod h1:Co6ibVJAznAaIkqp8huTwlJQCZ016jof/cbN4VW5Yz0=
gopkg.in/yaml.v2 v2.2.8 h1:obN1ZagJSUGI0Ek/LBmuj4SNLPfIny3KsKFopxRdj10=
gopkg.in/yaml.v2 v2.2.8/go.mod h1:hI93XBmqTisBFMUTm0b8Fm+jr3Dg1NNxqwp+5A1VGuI=
gopkg.in/yaml.v3 v3.0.1 h1:fxVm/GzAzEWqLHuvctI91KS9hhNmmWOoWu0XTYJS7CA=
gopkg.in/yaml.v3 v3.0.1/go.mod h1:K4uyk7z7BCEPqu6E+C64Yfv1cQ7kz7rIZviUmN+EgEM=
